
Microsoft Visual Studio Solution File, Format Version 12.00
# Visual Studio Version 17
VisualStudioVersion = 17.5.33530.505
MinimumVisualStudioVersion = 10.0.40219.1
Project("{FAE04EC0-301F-11D3-BF4B-00C04F79EFBC}") = "FormDemonstrate", "FormDemonstrate\FormDemonstrate.csproj", "{7CEFE99A-BAE3-441B-B0B9-9DFBFD9ADD73}"
EndProject
Global
	GlobalSection(SolutionConfigurationPlatforms) = preSolution
		Debug|Any CPU = Debug|Any CPU
		Release|Any CPU = Release|Any CPU
	EndGlobalSection
	GlobalSection(ProjectConfigurationPlatforms) = postSolution
		{7CEFE99A-BAE3-441B-B0B9-9DFBFD9ADD73}.Debug|Any CPU.ActiveCfg = Debug|Any CPU
		{7CEFE99A-BAE3-441B-B0B9-9DFBFD9ADD73}.Debug|Any CPU.Build.0 = Debug|Any CPU
		{7CEFE99A-BAE3-441B-B0B9-9DFBFD9ADD73}.Release|Any CPU.ActiveCfg = Release|Any CPU
		{7CEFE99A-BAE3-441B-B0B9-9DFBFD9ADD73}.Release|Any CPU.Build.0 = Release|Any CPU
	EndGlobalSection
	GlobalSection(SolutionProperties) = preSolution
		HideSolutionNode = FALSE
	EndGlobalSection
	GlobalSection(ExtensibilityGlobals) = postSolution
		SolutionGuid = {DD853C24-BC89-41B6-95CB-5F47762EAE26}
	EndGlobalSection
EndGlobal
